--- 
dependencies: 
  ruby-debug: 
    group: 
    - :development
    version: ">= 0"
  fastercsv: 
    group: 
    - :default
    version: ">= 1.5.0"
  compass: 
    group: 
    - :default
    version: ~> 0.8.0
  soap4r: 
    group: 
    - :default
    version: ">= 1.5.8"
  acts_as_reportable: 
    group: 
    - :default
    version: ">= 0"
  faker: 
    group: 
    - :default
    version: ">= 0.3.1"
  libxml-ruby: 
    group: 
    - :default
    version: ">= 1.1.3"
  fastthread: 
    group: 
    - :default
    version: ">= 0"
  rails: 
    group: 
    - :default
    version: = 2.3.8
  pg: 
    group: 
    - :default
    version: ~> 0.9.0
  view_trail: 
    group: 
    - :default
    version: ">= 0.3.1"
    require: 
    - view_trail
  searchlogic: 
    group: 
    - :default
    version: ">= 0"
  ruport: 
    group: 
    - :default
    version: ">= 0"
  haml: 
    group: 
    - :default
    version: ~> 2.2.0
  SystemTimer: 
    group: 
    - :default
    version: ">= 0"
  empi: 
    group: 
    - :default
    version: ">= 0"
  rspec: 
    group: 
    - :test
    - :cucumber
    - :hudson
    version: ~> 1.3.0
  couchrest: 
    group: 
    - :default
    version: ">= 0"
  resque_spec: 
    group: 
    - :test
    - :cucumber
    - :hudson
    version: ~> 0.2.0
    require: []

  wirble: 
    group: 
    - :development
    version: ">= 0"
  bcsec: 
    group: 
    - :default
    version: ~> 1.6.0
  resque: 
    group: 
    - :default
    version: ~> 1.10.0
  rspec-rails: 
    group: 
    - :test
    - :cucumber
    - :hudson
    version: ~> 1.3.0
  database_cleaner: 
    group: 
    - :test
    - :cucumber
    - :hudson
    version: ~> 0.0
  webrat: 
    group: 
    - :test
    - :cucumber
    - :hudson
    version: ~> 0.6.0
  rcov: 
    group: 
    - :test
    - :cucumber
    - :hudson
    version: ">= 0"
  awesome_print: 
    group: 
    - :development
    version: ">= 0"
  bcdatabase: 
    group: 
    - :default
    version: ">= 0"
  paperclip: 
    group: 
    - :default
    version: = 2.1.2
  factory_girl: 
    group: 
    - :default
    version: ">= 1.2.1"
  will_paginate: 
    group: 
    - :default
    version: ~> 2.3
  hirb: 
    group: 
    - :development
    version: ">= 0"
  cucumber-rails: 
    group: 
    - :test
    - :cucumber
    - :hudson
    version: ~> 0.3.0
  ci_reporter: 
    group: 
    - :hudson
    version: ~> 1.6.0
  paper_trail: 
    group: 
    - :default
    version: ">= 1.1.1"
  chronic: 
    group: 
    - :default
    version: ">= 0.2.3"
  aasm: 
    group: 
    - :default
    version: ">= 0"
  rdiscount: 
    group: 
    - :default
    version: ">= 0"
  daemons: 
    group: 
    - :default
    version: ">= 0"
  resque-scheduler: 
    group: 
    - :default
    version: ~> 1.9.0
  cucumber: 
    group: 
    - :test
    - :cucumber
    - :hudson
    version: = 0.8.4
  resque-jobs-per-fork: 
    group: 
    - :default
    version: ~> 0.4.0
  redis: 
    group: 
    - :default
    version: ~> 2.0.0
  savon: 
    group: 
    - :default
    version: = 0.7.9
  populator: 
    group: 
    - :default
    version: ">= 0.2.5"
  activemessaging: 
    group: 
    - :default
    version: ">= 0"
  capistrano: 
    group: 
    - :default
    version: ~> 2.5.0
  stomp: 
    group: 
    - :default
    version: ">= 1.1"
  ruby-debug-base: 
    group: 
    - :development
    version: ">= 0"
specs: 
- rake: 
    version: 0.8.7
- SystemTimer: 
    version: "1.2"
- aasm: 
    version: 2.1.7
- activesupport: 
    version: 2.3.8
- rack: 
    version: 1.1.0
- actionpack: 
    version: 2.3.8
- actionmailer: 
    version: 2.3.8
- activemessaging: 
    version: 0.7.1
- activerecord: 
    version: 2.3.8
- activeresource: 
    version: 2.3.8
- fastercsv: 
    version: 1.5.3
- color: 
    version: 1.4.1
- json_pure: 
    version: 1.4.6
- rubyforge: 
    version: 2.0.4
- hoe: 
    version: 2.6.1
- transaction-simple: 
    version: 1.4.0
- pdf-writer: 
    version: 1.1.8
- ruport: 
    version: 1.6.3
- acts_as_reportable: 
    version: 1.1.1
- awesome_print: 
    version: 0.2.1
- highline: 
    version: 1.6.1
- bcdatabase: 
    version: 1.0.1
- composite_primary_keys: 
    version: 2.3.5.1
- ruby-net-ldap: 
    version: 0.0.4
- rubytree: 
    version: 0.7.0
- schema_qualified_tables: 
    version: 1.0.0
- wddx: 
    version: 0.4.1
- bcsec: 
    version: 1.6.3
- builder: 
    version: 2.1.2
- net-ssh: 
    version: 2.0.23
- net-scp: 
    version: 1.0.3
- net-sftp: 
    version: 2.0.5
- net-ssh-gateway: 
    version: 1.0.1
- capistrano: 
    version: 2.5.19
- chronic: 
    version: 0.2.3
- ci_reporter: 
    version: 1.6.2
- columnize: 
    version: 0.3.1
- haml: 
    version: 2.2.24
- compass: 
    version: 0.8.17
- json: 
    version: 1.4.6
- mime-types: 
    version: "1.16"
- rest-client: 
    version: 1.6.1
- couchrest: 
    version: 1.0.1
- crack: 
    version: 0.1.8
- diff-lcs: 
    version: 1.1.2
- trollop: 
    version: 1.16.2
- gherkin: 
    version: 2.1.5
- term-ansicolor: 
    version: 1.0.5
- cucumber: 
    version: 0.8.4
- cucumber-rails: 
    version: 0.3.2
- daemons: 
    version: 1.1.0
- database_cleaner: 
    version: 0.5.2
- empi: 
    version: 0.2.0
- factory_girl: 
    version: 1.3.2
- faker: 
    version: 0.3.1
- fastthread: 
    version: 1.0.7
- hirb: 
    version: 0.3.3
- httpclient: 
    version: 2.1.5.2
- libxml-ruby: 
    version: 1.1.4
- linecache: 
    version: "0.43"
- nokogiri: 
    version: 1.4.3.1
- paper_trail: 
    version: 1.5.2
- paperclip: 
    version: 2.1.2
- pg: 
    version: 0.9.0
- populator: 
    version: 0.2.5
- rails: 
    version: 2.3.8
- rcov: 
    version: 0.9.8
- rdiscount: 
    version: 1.6.5
- redis: 
    version: 2.0.5
- redis-namespace: 
    version: 0.8.0
- sinatra: 
    version: "1.0"
- vegas: 
    version: 0.1.7
- resque: 
    version: 1.10.0
- resque-jobs-per-fork: 
    version: 0.4.0
- rufus-scheduler: 
    version: 2.0.6
- resque-scheduler: 
    version: 1.9.4
- resque_spec: 
    version: 0.2.0
- rspec: 
    version: 1.3.0
- rspec-rails: 
    version: 1.3.2
- ruby-debug-base: 
    version: 0.10.3
- ruby-debug: 
    version: 0.10.3
- savon: 
    version: 0.7.9
- searchlogic: 
    version: 2.4.24
- soap4r: 
    version: 1.5.8
- stomp: 
    version: 1.1.6
- view_trail: 
    version: 0.3.1
- webrat: 
    version: 0.6.0
- will_paginate: 
    version: 2.3.14
- wirble: 
    version: 0.1.3
hash: 504a1830281814a5bbb8687eb0416fe485e887ca
sources: 
- Rubygems: 
    uri: http://download.bioinformatics.northwestern.edu/gems/
- Rubygems: 
    uri: http://gemcutter.org
